
Microsoft Visual Studio Solution File, Format Version 12.00
# Visual Studio Version 17
VisualStudioVersion = 17.14.36623.8
MinimumVisualStudioVersion = 10.0.40219.1
Project("{B1E792BE-AA5F-4E3C-8C82-674BF9C0715B}") = "Panel Saw", "Panel Saw\Panel Saw.tsproj", "{8B108D21-E757-A3F1-399C-7A37B4EB2286}"
EndProject
Project("{FAE04EC0-301F-11D3-BF4B-00C04F79EFBC}") = "HMI_PanelSaw", "HMI_PanelSaw\HMI_PanelSaw.csproj", "{18BE9351-1DBB-407F-918C-FD5CE8375626}"
EndProject
Global
	GlobalSection(SolutionConfigurationPlatforms) = preSolution
		Debug|Any CPU = Debug|Any CPU
		Debug|TwinCAT OS (ARMV7-A) = Debug|TwinCAT OS (ARMV7-A)
		Debug|TwinCAT OS (ARMV7-M) = Debug|TwinCAT OS (ARMV7-M)
		Debug|TwinCAT OS (ARMV8-A) = Debug|TwinCAT OS (ARMV8-A)
		Debug|TwinCAT OS (x64) = Debug|TwinCAT OS (x64)
		Debug|TwinCAT OS (x64-E) = Debug|TwinCAT OS (x64-E)
		Debug|TwinCAT RT (x64) = Debug|TwinCAT RT (x64)
		Debug|TwinCAT RT (x86) = Debug|TwinCAT RT (x86)
		Release|Any CPU = Release|Any CPU
		Release|TwinCAT OS (ARMV7-A) = Release|TwinCAT OS (ARMV7-A)
		Release|TwinCAT OS (ARMV7-M) = Release|TwinCAT OS (ARMV7-M)
		Release|TwinCAT OS (ARMV8-A) = Release|TwinCAT OS (ARMV8-A)
		Release|TwinCAT OS (x64) = Release|TwinCAT OS (x64)
		Release|TwinCAT OS (x64-E) = Release|TwinCAT OS (x64-E)
		Release|TwinCAT RT (x64) = Release|TwinCAT RT (x64)
		Release|TwinCAT RT (x86) = Release|TwinCAT RT (x86)
	EndGlobalSection
	GlobalSection(ProjectConfigurationPlatforms) = postSolution
		{8B108D21-E757-A3F1-399C-7A37B4EB2286}.Debug|Any CPU.ActiveCfg = Debug|TwinCAT RT (x86)
		{8B108D21-E757-A3F1-399C-7A37B4EB2286}.Debug|Any CPU.Build.0 = Debug|TwinCAT RT (x86)
		{8B108D21-E757-A3F1-399C-7A37B4EB2286}.Debug|TwinCAT OS (ARMV7-A).ActiveCfg = Debug|TwinCAT OS (ARMV7-A)
		{8B108D21-E757-A3F1-399C-7A37B4EB2286}.Debug|TwinCAT OS (ARMV7-A).Build.0 = Debug|TwinCAT OS (ARMV7-A)
		{8B108D21-E757-A3F1-399C-7A37B4EB2286}.Debug|TwinCAT OS (ARMV7-M).ActiveCfg = Debug|TwinCAT OS (ARMV7-M)
		{8B108D21-E757-A3F1-399C-7A37B4EB2286}.Debug|TwinCAT OS (ARMV7-M).Build.0 = Debug|TwinCAT OS (ARMV7-M)
		{8B108D21-E757-A3F1-399C-7A37B4EB2286}.Debug|TwinCAT OS (ARMV8-A).ActiveCfg = Debug|TwinCAT OS (ARMV8-A)
		{8B108D21-E757-A3F1-399C-7A37B4EB2286}.Debug|TwinCAT OS (ARMV8-A).Build.0 = Debug|TwinCAT OS (ARMV8-A)
		{8B108D21-E757-A3F1-399C-7A37B4EB2286}.Debug|TwinCAT OS (x64).ActiveCfg = Debug|TwinCAT OS (x64)
		{8B108D21-E757-A3F1-399C-7A37B4EB2286}.Debug|TwinCAT OS (x64).Build.0 = Debug|TwinCAT OS (x64)
		{8B108D21-E757-A3F1-399C-7A37B4EB2286}.Debug|TwinCAT OS (x64-E).ActiveCfg = Debug|TwinCAT OS (x64-E)
		{8B108D21-E757-A3F1-399C-7A37B4EB2286}.Debug|TwinCAT OS (x64-E).Build.0 = Debug|TwinCAT OS (x64-E)
		{8B108D21-E757-A3F1-399C-7A37B4EB2286}.Debug|TwinCAT RT (x64).ActiveCfg = Debug|TwinCAT RT (x64)
		{8B108D21-E757-A3F1-399C-7A37B4EB2286}.Debug|TwinCAT RT (x64).Build.0 = Debug|TwinCAT RT (x64)
		{8B108D21-E757-A3F1-399C-7A37B4EB2286}.Debug|TwinCAT RT (x86).ActiveCfg = Debug|TwinCAT RT (x86)
		{8B108D21-E757-A3F1-399C-7A37B4EB2286}.Debug|TwinCAT RT (x86).Build.0 = Debug|TwinCAT RT (x86)
		{8B108D21-E757-A3F1-399C-7A37B4EB2286}.Release|Any CPU.ActiveCfg = Release|TwinCAT RT (x86)
		{8B108D21-E757-A3F1-399C-7A37B4EB2286}.Release|Any CPU.Build.0 = Release|TwinCAT RT (x86)
		{8B108D21-E757-A3F1-399C-7A37B4EB2286}.Release|TwinCAT OS (ARMV7-A).ActiveCfg = Release|TwinCAT OS (ARMV7-A)
		{8B108D21-E757-A3F1-399C-7A37B4EB2286}.Release|TwinCAT OS (ARMV7-A).Build.0 = Release|TwinCAT OS (ARMV7-A)
		{8B108D21-E757-A3F1-399C-7A37B4EB2286}.Release|TwinCAT OS (ARMV7-M).ActiveCfg = Release|TwinCAT OS (ARMV7-M)
		{8B108D21-E757-A3F1-399C-7A37B4EB2286}.Release|TwinCAT OS (ARMV7-M).Build.0 = Release|TwinCAT OS (ARMV7-M)
		{8B108D21-E757-A3F1-399C-7A37B4EB2286}.Release|TwinCAT OS (ARMV8-A).ActiveCfg = Release|TwinCAT OS (ARMV8-A)
		{8B108D21-E757-A3F1-399C-7A37B4EB2286}.Release|TwinCAT OS (ARMV8-A).Build.0 = Release|TwinCAT OS (ARMV8-A)
		{8B108D21-E757-A3F1-399C-7A37B4EB2286}.Release|TwinCAT OS (x64).ActiveCfg = Release|TwinCAT OS (x64)
		{8B108D21-E757-A3F1-399C-7A37B4EB2286}.Release|TwinCAT OS (x64).Build.0 = Release|TwinCAT OS (x64)
		{8B108D21-E757-A3F1-399C-7A37B4EB2286}.Release|TwinCAT OS (x64-E).ActiveCfg = Release|TwinCAT OS (x64-E)
		{8B108D21-E757-A3F1-399C-7A37B4EB2286}.Release|TwinCAT OS (x64-E).Build.0 = Release|TwinCAT OS (x64-E)
		{8B108D21-E757-A3F1-399C-7A37B4EB2286}.Release|TwinCAT RT (x64).ActiveCfg = Release|TwinCAT RT (x64)
		{8B108D21-E757-A3F1-399C-7A37B4EB2286}.Release|TwinCAT RT (x64).Build.0 = Release|TwinCAT RT (x64)
		{8B108D21-E757-A3F1-399C-7A37B4EB2286}.Release|TwinCAT RT (x86).ActiveCfg = Release|TwinCAT RT (x86)
		{8B108D21-E757-A3F1-399C-7A37B4EB2286}.Release|TwinCAT RT (x86).Build.0 = Release|TwinCAT RT (x86)
		{05C18A2D-1DA4-47A9-B187-B2D1D7CC3799}.Debug|Any CPU.ActiveCfg = Debug|TwinCAT RT (x86)
		{05C18A2D-1DA4-47A9-B187-B2D1D7CC3799}.Debug|Any CPU.Build.0 = Debug|TwinCAT RT (x86)
		{05C18A2D-1DA4-47A9-B187-B2D1D7CC3799}.Debug|TwinCAT OS (ARMV7-A).ActiveCfg = Debug|TwinCAT OS (ARMV7-A)
		{05C18A2D-1DA4-47A9-B187-B2D1D7CC3799}.Debug|TwinCAT OS (ARMV7-A).Build.0 = Debug|TwinCAT OS (ARMV7-A)
		{05C18A2D-1DA4-47A9-B187-B2D1D7CC3799}.Debug|TwinCAT OS (ARMV7-M).ActiveCfg = Debug|TwinCAT OS (ARMV7-M)
		{05C18A2D-1DA4-47A9-B187-B2D1D7CC3799}.Debug|TwinCAT OS (ARMV7-M).Build.0 = Debug|TwinCAT OS (ARMV7-M)
		{05C18A2D-1DA4-47A9-B187-B2D1D7CC3799}.Debug|TwinCAT OS (ARMV8-A).ActiveCfg = Debug|TwinCAT OS (ARMV8-A)
		{05C18A2D-1DA4-47A9-B187-B2D1D7CC3799}.Debug|TwinCAT OS (ARMV8-A).Build.0 = Debug|TwinCAT OS (ARMV8-A)
		{05C18A2D-1DA4-47A9-B187-B2D1D7CC3799}.Debug|TwinCAT OS (x64).ActiveCfg = Debug|TwinCAT OS (x64)
		{05C18A2D-1DA4-47A9-B187-B2D1D7CC3799}.Debug|TwinCAT OS (x64).Build.0 = Debug|TwinCAT OS (x64)
		{05C18A2D-1DA4-47A9-B187-B2D1D7CC3799}.Debug|TwinCAT OS (x64-E).ActiveCfg = Debug|TwinCAT OS (x64-E)
		{05C18A2D-1DA4-47A9-B187-B2D1D7CC3799}.Debug|TwinCAT OS (x64-E).Build.0 = Debug|TwinCAT OS (x64-E)
		{05C18A2D-1DA4-47A9-B187-B2D1D7CC3799}.Debug|TwinCAT RT (x64).ActiveCfg = Debug|TwinCAT RT (x64)
		{05C18A2D-1DA4-47A9-B187-B2D1D7CC3799}.Debug|TwinCAT RT (x64).Build.0 = Debug|TwinCAT RT (x64)
		{05C18A2D-1DA4-47A9-B187-B2D1D7CC3799}.Debug|TwinCAT RT (x86).ActiveCfg = Debug|TwinCAT RT (x86)
		{05C18A2D-1DA4-47A9-B187-B2D1D7CC3799}.Debug|TwinCAT RT (x86).Build.0 = Debug|TwinCAT RT (x86)
		{05C18A2D-1DA4-47A9-B187-B2D1D7CC3799}.Release|Any CPU.ActiveCfg = Release|TwinCAT RT (x86)
		{05C18A2D-1DA4-47A9-B187-B2D1D7CC3799}.Release|Any CPU.Build.0 = Release|TwinCAT RT (x86)
		{05C18A2D-1DA4-47A9-B187-B2D1D7CC3799}.Release|TwinCAT OS (ARMV7-A).ActiveCfg = Release|TwinCAT OS (ARMV7-A)
		{05C18A2D-1DA4-47A9-B187-B2D1D7CC3799}.Release|TwinCAT OS (ARMV7-A).Build.0 = Release|TwinCAT OS (ARMV7-A)
		{05C18A2D-1DA4-47A9-B187-B2D1D7CC3799}.Release|TwinCAT OS (ARMV7-M).ActiveCfg = Release|TwinCAT OS (ARMV7-M)
		{05C18A2D-1DA4-47A9-B187-B2D1D7CC3799}.Release|TwinCAT OS (ARMV7-M).Build.0 = Release|TwinCAT OS (ARMV7-M)
		{05C18A2D-1DA4-47A9-B187-B2D1D7CC3799}.Release|TwinCAT OS (ARMV8-A).ActiveCfg = Release|TwinCAT OS (ARMV8-A)
		{05C18A2D-1DA4-47A9-B187-B2D1D7CC3799}.Release|TwinCAT OS (ARMV8-A).Build.0 = Release|TwinCAT OS (ARMV8-A)
		{05C18A2D-1DA4-47A9-B187-B2D1D7CC3799}.Release|TwinCAT OS (x64).ActiveCfg = Release|TwinCAT OS (x64)
		{05C18A2D-1DA4-47A9-B187-B2D1D7CC3799}.Release|TwinCAT OS (x64).Build.0 = Release|TwinCAT OS (x64)
		{05C18A2D-1DA4-47A9-B187-B2D1D7CC3799}.Release|TwinCAT OS (x64-E).ActiveCfg = Release|TwinCAT OS (x64-E)
		{05C18A2D-1DA4-47A9-B187-B2D1D7CC3799}.Release|TwinCAT OS (x64-E).Build.0 = Release|TwinCAT OS (x64-E)
		{05C18A2D-1DA4-47A9-B187-B2D1D7CC3799}.Release|TwinCAT RT (x64).ActiveCfg = Release|TwinCAT RT (x64)
		{05C18A2D-1DA4-47A9-B187-B2D1D7CC3799}.Release|TwinCAT RT (x64).Build.0 = Release|TwinCAT RT (x64)
		{05C18A2D-1DA4-47A9-B187-B2D1D7CC3799}.Release|TwinCAT RT (x86).ActiveCfg = Release|TwinCAT RT (x86)
		{05C18A2D-1DA4-47A9-B187-B2D1D7CC3799}.Release|TwinCAT RT (x86).Build.0 = Release|TwinCAT RT (x86)
		{18BE9351-1DBB-407F-918C-FD5CE8375626}.Debug|Any CPU.ActiveCfg = Debug|Any CPU
		{18BE9351-1DBB-407F-918C-FD5CE8375626}.Debug|Any CPU.Build.0 = Debug|Any CPU
		{18BE9351-1DBB-407F-918C-FD5CE8375626}.Debug|TwinCAT OS (ARMV7-A).ActiveCfg = Debug|Any CPU
		{18BE9351-1DBB-407F-918C-FD5CE8375626}.Debug|TwinCAT OS (ARMV7-A).Build.0 = Debug|Any CPU
		{18BE9351-1DBB-407F-918C-FD5CE8375626}.Debug|TwinCAT OS (ARMV7-M).ActiveCfg = Debug|Any CPU
		{18BE9351-1DBB-407F-918C-FD5CE8375626}.Debug|TwinCAT OS (ARMV7-M).Build.0 = Debug|Any CPU
		{18BE9351-1DBB-407F-918C-FD5CE8375626}.Debug|TwinCAT OS (ARMV8-A).ActiveCfg = Debug|Any CPU
		{18BE9351-1DBB-407F-918C-FD5CE8375626}.Debug|TwinCAT OS (ARMV8-A).Build.0 = Debug|Any CPU
		{18BE9351-1DBB-407F-918C-FD5CE8375626}.Debug|TwinCAT OS (x64).ActiveCfg = Debug|Any CPU
		{18BE9351-1DBB-407F-918C-FD5CE8375626}.Debug|TwinCAT OS (x64).Build.0 = Debug|Any CPU
		{18BE9351-1DBB-407F-918C-FD5CE8375626}.Debug|TwinCAT OS (x64-E).ActiveCfg = Debug|Any CPU
		{18BE9351-1DBB-407F-918C-FD5CE8375626}.Debug|TwinCAT OS (x64-E).Build.0 = Debug|Any CPU
		{18BE9351-1DBB-407F-918C-FD5CE8375626}.Debug|TwinCAT RT (x64).ActiveCfg = Debug|Any CPU
		{18BE9351-1DBB-407F-918C-FD5CE8375626}.Debug|TwinCAT RT (x64).Build.0 = Debug|Any CPU
		{18BE9351-1DBB-407F-918C-FD5CE8375626}.Debug|TwinCAT RT (x86).ActiveCfg = Debug|Any CPU
		{18BE9351-1DBB-407F-918C-FD5CE8375626}.Debug|TwinCAT RT (x86).Build.0 = Debug|Any CPU
		{18BE9351-1DBB-407F-918C-FD5CE8375626}.Release|Any CPU.ActiveCfg = Release|Any CPU
		{18BE9351-1DBB-407F-918C-FD5CE8375626}.Release|Any CPU.Build.0 = Release|Any CPU
		{18BE9351-1DBB-407F-918C-FD5CE8375626}.Release|TwinCAT OS (ARMV7-A).ActiveCfg = Release|Any CPU
		{18BE9351-1DBB-407F-918C-FD5CE8375626}.Release|TwinCAT OS (ARMV7-A).Build.0 = Release|Any CPU
		{18BE9351-1DBB-407F-918C-FD5CE8375626}.Release|TwinCAT OS (ARMV7-M).ActiveCfg = Release|Any CPU
		{18BE9351-1DBB-407F-918C-FD5CE8375626}.Release|TwinCAT OS (ARMV7-M).Build.0 = Release|Any CPU
		{18BE9351-1DBB-407F-918C-FD5CE8375626}.Release|TwinCAT OS (ARMV8-A).ActiveCfg = Release|Any CPU
		{18BE9351-1DBB-407F-918C-FD5CE8375626}.Release|TwinCAT OS (ARMV8-A).Build.0 = Release|Any CPU
		{18BE9351-1DBB-407F-918C-FD5CE8375626}.Release|TwinCAT OS (x64).ActiveCfg = Release|Any CPU
		{18BE9351-1DBB-407F-918C-FD5CE8375626}.Release|TwinCAT OS (x64).Build.0 = Release|Any CPU
		{18BE9351-1DBB-407F-918C-FD5CE8375626}.Release|TwinCAT OS (x64-E).ActiveCfg = Release|Any CPU
		{18BE9351-1DBB-407F-918C-FD5CE8375626}.Release|TwinCAT OS (x64-E).Build.0 = Release|Any CPU
		{18BE9351-1DBB-407F-918C-FD5CE8375626}.Release|TwinCAT RT (x64).ActiveCfg = Release|Any CPU
		{18BE9351-1DBB-407F-918C-FD5CE8375626}.Release|TwinCAT RT (x64).Build.0 = Release|Any CPU
		{18BE9351-1DBB-407F-918C-FD5CE8375626}.Release|TwinCAT RT (x86).ActiveCfg = Release|Any CPU
		{18BE9351-1DBB-407F-918C-FD5CE8375626}.Release|TwinCAT RT (x86).Build.0 = Release|Any CPU
	EndGlobalSection
	GlobalSection(SolutionProperties) = preSolution
		HideSolutionNode = FALSE
	EndGlobalSection
	GlobalSection(ExtensibilityGlobals) = postSolution
		SolutionGuid = {222A8522-BDA4-4B81-B0A3-68584DF366BA}
	EndGlobalSection
EndGlobal
